
Microsoft Visual Studio Solution File, Format Version 12.00
# Visual Studio Version 16
VisualStudioVersion = 16.0.30717.126
MinimumVisualStudioVersion = 10.0.40219.1
Project("{FAE04EC0-301F-11D3-BF4B-00C04F79EFBC}") = "Kütüphane", "Kütüphane.csproj", "{4AB3276B-F8FB-41A0-86C3-A0F766DCDE82}"
EndProject
Project("{2150E333-8FDC-42A3-9474-1A3956D46DE8}") = "Solution Items", "Solution Items", "{F706BCB6-2CE9-473F-B907-3C6EFA107385}"
	ProjectSection(SolutionItems) = preProject
		.editorconfig = .editorconfig
	EndProjectSection
EndProject
Global
	GlobalSection(SolutionConfigurationPlatforms) = preSolution
		Debug|Any CPU = Debug|Any CPU
		Release|Any CPU = Release|Any CPU
	EndGlobalSection
	GlobalSection(ProjectConfigurationPlatforms) = postSolution
		{4AB3276B-F8FB-41A0-86C3-A0F766DCDE82}.Debug|Any CPU.ActiveCfg = Debug|Any CPU
		{4AB3276B-F8FB-41A0-86C3-A0F766DCDE82}.Debug|Any CPU.Build.0 = Debug|Any CPU
		{4AB3276B-F8FB-41A0-86C3-A0F766DCDE82}.Release|Any CPU.ActiveCfg = Release|Any CPU
		{4AB3276B-F8FB-41A0-86C3-A0F766DCDE82}.Release|Any CPU.Build.0 = Release|Any CPU
	EndGlobalSection
	GlobalSection(SolutionProperties) = preSolution
		HideSolutionNode = FALSE
	EndGlobalSection
	GlobalSection(ExtensibilityGlobals) = postSolution
		SolutionGuid = {CE2FC220-02D8-4C86-AE6B-3E964D5491AA}
	EndGlobalSection
EndGlobal
